
Microsoft Visual Studio Solution File, Format Version 12.00
# Visual Studio Version 17
VisualStudioVersion = 17.7.34024.191
MinimumVisualStudioVersion = 10.0.40219.1
Project("{FAE04EC0-301F-11D3-BF4B-00C04F79EFBC}") = "Live", "Live\Live.csproj", "{BD1CF106-1B9E-4B33-9393-607813CBB595}"
EndProject
Global
	GlobalSection(SolutionConfigurationPlatforms) = preSolution
		Debug|Any CPU = Debug|Any CPU
		Release|Any CPU = Release|Any CPU
	EndGlobalSection
	GlobalSection(ProjectConfigurationPlatforms) = postSolution
		{BD1CF106-1B9E-4B33-9393-607813CBB595}.Debug|Any CPU.ActiveCfg = Debug|Any CPU
		{BD1CF106-1B9E-4B33-9393-607813CBB595}.Debug|Any CPU.Build.0 = Debug|Any CPU
		{BD1CF106-1B9E-4B33-9393-607813CBB595}.Release|Any CPU.ActiveCfg = Release|Any CPU
		{BD1CF106-1B9E-4B33-9393-607813CBB595}.Release|Any CPU.Build.0 = Release|Any CPU
	EndGlobalSection
	GlobalSection(SolutionProperties) = preSolution
		HideSolutionNode = FALSE
	EndGlobalSection
	GlobalSection(ExtensibilityGlobals) = postSolution
		SolutionGuid = {3C4B7C16-3D14-44E3-A2C4-118A99D719DF}
	EndGlobalSection
EndGlobal
